<?xml version="1.0" encoding="utf-8"?>
<Project ToolsVersion="4.0" xmlns="http://schemas.microsoft.com/developer/msbuild/2003">
  <ItemGroup>
    <Filter Include="Source Files">
      <UniqueIdentifier>{4FC737F1-C7A5-4376-A066-2A32D752A2FF}</UniqueIdentifier>
      <Extensions>cpp;c;cc;cxx;def;odl;idl;hpj;bat;asm;asmx</Extensions>
    </Filter>
    <Filter Include="Header Files">
      <UniqueIdentifier>{93995380-89BD-4b04-88EB-625FBE52EBFB}</UniqueIdentifier>
      <Extensions>h;hh;hpp;hxx;hm;inl;inc;xsd</Extensions>
    </Filter>
    <Filter Include="Resource Files">
      <UniqueIdentifier>{67DA6AB6-F800-4c08-8B7A-83BB121AAD01}</UniqueIdentifier>
      <Extensions>rc;ico;cur;bmp;dlg;rc2;rct;bin;rgs;gif;jpg;jpeg;jpe;resx;tiff;tif;png;wav</Extensions>
    </Filter>
  </ItemGroup>
  <ItemGroup>
    <ClCompile Include="Auxiliares.cpp">
      <Filter>Source Files</Filter>
    </ClCompile>
    <ClCompile Include="Geometry.cpp">
      <Filter>Source Files</Filter>
    </ClCompile>
    <ClCompile Include="Interfacer.cpp">
      <Filter>Source Files</Filter>
    </ClCompile>
    <ClCompile Include="Optimizer.cpp">
      <Filter>Source Files</Filter>
    </ClCompile>
    <ClCompile Include="Renderer.cpp">
      <Filter>Source Files</Filter>
    </ClCompile>
    <ClCompile Include="SurfaceDecoder.cpp">
      <Filter>Source Files</Filter>
    </ClCompile>
    <ClCompile Include="outsiders\brkga\Population.cpp">
      <Filter>Source Files</Filter>
    </ClCompile>
    <ClCompile Include="surface\main.cpp">
      <Filter>Source Files</Filter>
    </ClCompile>
    <ClCompile Include="times.cpp">
      <Filter>Source Files</Filter>
    </ClCompile>
  </ItemGroup>
  <ItemGroup>
    <ClInclude Include="defs.h">
      <Filter>Header Files</Filter>
    </ClInclude>
    <ClInclude Include="Auxiliares.hpp">
      <Filter>Header Files</Filter>
    </ClInclude>
    <ClInclude Include="Geometry.hpp">
      <Filter>Header Files</Filter>
    </ClInclude>
    <ClInclude Include="Interfacer.hpp">
      <Filter>Header Files</Filter>
    </ClInclude>
    <ClInclude Include="Optimizer.hpp">
      <Filter>Header Files</Filter>
    </ClInclude>
    <ClInclude Include="Renderer.hpp">
      <Filter>Header Files</Filter>
    </ClInclude>
    <ClInclude Include="SurfaceDecoder.hpp">
      <Filter>Header Files</Filter>
    </ClInclude>
    <ClInclude Include="outsiders\prettyprint.hpp">
      <Filter>Header Files</Filter>
    </ClInclude>
    <ClInclude Include="outsiders\brkga\BRKGA.h">
      <Filter>Header Files</Filter>
    </ClInclude>
    <ClInclude Include="outsiders\brkga\MTRand.h">
      <Filter>Header Files</Filter>
    </ClInclude>
    <ClInclude Include="outsiders\brkga\omp.h">
      <Filter>Header Files</Filter>
    </ClInclude>
    <ClInclude Include="outsiders\brkga\Population.h">
      <Filter>Header Files</Filter>
    </ClInclude>
    <ClInclude Include="sys\time.h">
      <Filter>Header Files</Filter>
    </ClInclude>
    <ClInclude Include="sys\times.h">
      <Filter>Header Files</Filter>
    </ClInclude>
  </ItemGroup>
</Project>